
Microsoft Visual Studio Solution File, Format Version 12.00
# Visual Studio Version 17
VisualStudioVersion = 17.1.32210.238
MinimumVisualStudioVersion = 10.0.40219.1
Project("{FAE04EC0-301F-11D3-BF4B-00C04F79EFBC}") = "Antal_PC", "Antal_PC\Antal_PC.csproj", "{455512D6-B57B-45EB-BB12-AF0EC2275B5F}"
EndProject
Global
	GlobalSection(SolutionConfigurationPlatforms) = preSolution
		Debug|Any CPU = Debug|Any CPU
		Release|Any CPU = Release|Any CPU
	EndGlobalSection
	GlobalSection(ProjectConfigurationPlatforms) = postSolution
		{455512D6-B57B-45EB-BB12-AF0EC2275B5F}.Debug|Any CPU.ActiveCfg = Debug|Any CPU
		{455512D6-B57B-45EB-BB12-AF0EC2275B5F}.Debug|Any CPU.Build.0 = Debug|Any CPU
		{455512D6-B57B-45EB-BB12-AF0EC2275B5F}.Release|Any CPU.ActiveCfg = Release|Any CPU
		{455512D6-B57B-45EB-BB12-AF0EC2275B5F}.Release|Any CPU.Build.0 = Release|Any CPU
	EndGlobalSection
	GlobalSection(SolutionProperties) = preSolution
		HideSolutionNode = FALSE
	EndGlobalSection
	GlobalSection(ExtensibilityGlobals) = postSolution
		SolutionGuid = {DA423B94-5CC9-449E-8D15-FEA239DE31C7}
	EndGlobalSection
EndGlobal
